
Microsoft Visual Studio Solution File, Format Version 12.00
# Visual Studio Version 16
VisualStudioVersion = 16.0.32126.315
MinimumVisualStudioVersion = 10.0.40219.1
Project("{FAE04EC0-301F-11D3-BF4B-00C04F79EFBC}") = "PricingModel", "PricingModel\PricingModel.csproj", "{6772D433-E9D8-45DB-B52F-AB7422581B3E}"
EndProject
Global
	GlobalSection(SolutionConfigurationPlatforms) = preSolution
		Debug|Any CPU = Debug|Any CPU
		Release|Any CPU = Release|Any CPU
	EndGlobalSection
	GlobalSection(ProjectConfigurationPlatforms) = postSolution
		{6772D433-E9D8-45DB-B52F-AB7422581B3E}.Debug|Any CPU.ActiveCfg = Debug|Any CPU
		{6772D433-E9D8-45DB-B52F-AB7422581B3E}.Debug|Any CPU.Build.0 = Debug|Any CPU
		{6772D433-E9D8-45DB-B52F-AB7422581B3E}.Release|Any CPU.ActiveCfg = Release|Any CPU
		{6772D433-E9D8-45DB-B52F-AB7422581B3E}.Release|Any CPU.Build.0 = Release|Any CPU
	EndGlobalSection
	GlobalSection(SolutionProperties) = preSolution
		HideSolutionNode = FALSE
	EndGlobalSection
	GlobalSection(ExtensibilityGlobals) = postSolution
		SolutionGuid = {A6D47935-94BE-4451-AC28-A0B571D183F7}
	EndGlobalSection
EndGlobal
